// !$*UTF8*$!
{
	archiveVersion = 1;
	classes = {
	};
	objectVersion = 51;
	objects = {

/* Begin PBXBuildFile section */
		458D9C80EA26C29B5F4ED8AC /* Pods_QuestWithCoreData.framework in Frameworks */ = {isa = PBXBuildFile; fileRef = 9496DD0D464BE2EC831BD720 /* Pods_QuestWithCoreData.framework */; };
		50092FA1261972C600AEF26F /* AddPage + Extension.swift in Sources */ = {isa = PBXBuildFile; fileRef = 50092FA0261972C600AEF26F /* AddPage + Extension.swift */; };
		50131BCD2610B443008CDE6A /* Main.swift in Sources */ = {isa = PBXBuildFile; fileRef = 50131BCC2610B443008CDE6A /* Main.swift */; };
		50131BD12610B483008CDE6A /* History.swift in Sources */ = {isa = PBXBuildFile; fileRef = 50131BD02610B483008CDE6A /* History.swift */; };
		50131BD42610B4A4008CDE6A /* AddViewModel.swift in Sources */ = {isa = PBXBuildFile; fileRef = 50131BD32610B4A4008CDE6A /* AddViewModel.swift */; };
		50131BD72611FAA5008CDE6A /* Detail.swift in Sources */ = {isa = PBXBuildFile; fileRef = 50131BD62611FAA5008CDE6A /* Detail.swift */; };
		50338A5D25CCF0CE0071816F /* DataManager.swift in Sources */ = {isa = PBXBuildFile; fileRef = 50338A5C25CCF0CE0071816F /* DataManager.swift */; };
		504667DD25FB3336003FF545 /* GoogleService-Info.plist in Resources */ = {isa = PBXBuildFile; fileRef = 504667DC25FB3336003FF545 /* GoogleService-Info.plist */; };
		50694BD125DB5B2E00AC2C1D /* SceneDelegate.swift in Sources */ = {isa = PBXBuildFile; fileRef = 50694BD025DB5B2E00AC2C1D /* SceneDelegate.swift */; };
		507EA1EC25D216F9008AA63B /* DetailViewController.swift in Sources */ = {isa = PBXBuildFile; fileRef = 507EA1EB25D216F9008AA63B /* DetailViewController.swift */; };
		5084053026180C99006A5492 /* MainTableViewCell.swift in Sources */ = {isa = PBXBuildFile; fileRef = 5084052F26180C99006A5492 /* MainTableViewCell.swift */; };
		5084053426180E9E006A5492 /* MainPinnedCell.swift in Sources */ = {isa = PBXBuildFile; fileRef = 5084053326180E9E006A5492 /* MainPinnedCell.swift */; };
		5084053726180F0F006A5492 /* Main + Extension.swift in Sources */ = {isa = PBXBuildFile; fileRef = 5084053626180F0F006A5492 /* Main + Extension.swift */; };
		5084053A2618113F006A5492 /* History + Extension.swift in Sources */ = {isa = PBXBuildFile; fileRef = 508405392618113F006A5492 /* History + Extension.swift */; };
		5084053D2618133E006A5492 /* CompletedCell.swift in Sources */ = {isa = PBXBuildFile; fileRef = 5084053C2618133E006A5492 /* CompletedCell.swift */; };
		50840541261813D6006A5492 /* Detail + Extension.swift in Sources */ = {isa = PBXBuildFile; fileRef = 50840540261813D6006A5492 /* Detail + Extension.swift */; };
		508405452618159D006A5492 /* TaskListCell.swift in Sources */ = {isa = PBXBuildFile; fileRef = 508405442618159D006A5492 /* TaskListCell.swift */; };
		50B3014F25CBC03E0010D297 /* AppDelegate.swift in Sources */ = {isa = PBXBuildFile; fileRef = 50B3014E25CBC03E0010D297 /* AppDelegate.swift */; };
		50B3015325CBC03E0010D297 /* MainViewController.swift in Sources */ = {isa = PBXBuildFile; fileRef = 50B3015225CBC03E0010D297 /* MainViewController.swift */; };
		50B3015625CBC03E0010D297 /* Main.storyboard in Resources */ = {isa = PBXBuildFile; fileRef = 50B3015425CBC03E0010D297 /* Main.storyboard */; };
		50B3015825CBC0410010D297 /* Assets.xcassets in Resources */ = {isa = PBXBuildFile; fileRef = 50B3015725CBC0410010D297 /* Assets.xcassets */; };
		50B3015B25CBC0410010D297 /* LaunchScreen.storyboard in Resources */ = {isa = PBXBuildFile; fileRef = 50B3015925CBC0410010D297 /* LaunchScreen.storyboard */; };
		50B3016525CBC0530010D297 /* QuestModel.xcdatamodeld in Sources */ = {isa = PBXBuildFile; fileRef = 50B3016325CBC0530010D297 /* QuestModel.xcdatamodeld */; };
		50B3016E25CBD08C0010D297 /* AddQuestViewController.swift in Sources */ = {isa = PBXBuildFile; fileRef = 50B3016D25CBD08C0010D297 /* AddQuestViewController.swift */; };
		50CF762725DFA4DF00E8C910 /* HistoryViewController.swift in Sources */ = {isa = PBXBuildFile; fileRef = 50CF762625DFA4DF00E8C910 /* HistoryViewController.swift */; };
		50CF764C25E0FEF700E8C910 /* MemoViewController.swift in Sources */ = {isa = PBXBuildFile; fileRef = 50CF764B25E0FEF700E8C910 /* MemoViewController.swift */; };
		50E24CEF25EB48D1007AD67B /* Quest + delegate.swift in Sources */ = {isa = PBXBuildFile; fileRef = 50E24CEE25EB48D1007AD67B /* Quest + delegate.swift */; };
/* End PBXBuildFile section */

/* Begin PBXFileReference section */
		036C95BB718D3A2CE863D3B0 /* Pods-QuestWithCoreData.debug.xcconfig */ = {isa = PBXFileReference; includeInIndex = 1; lastKnownFileType = text.xcconfig; name = "Pods-QuestWithCoreData.debug.xcconfig"; path = "Target Support Files/Pods-QuestWithCoreData/Pods-QuestWithCoreData.debug.xcconfig"; sourceTree = "<group>"; };
		50092FA0261972C600AEF26F /* AddPage + Extension.swift */ = {isa = PBXFileReference; lastKnownFileType = sourcecode.swift; path = "AddPage + Extension.swift"; sourceTree = "<group>"; };
		50131BCC2610B443008CDE6A /* Main.swift */ = {isa = PBXFileReference; lastKnownFileType = sourcecode.swift; path = Main.swift; sourceTree = "<group>"; };
		50131BD02610B483008CDE6A /* History.swift */ = {isa = PBXFileReference; lastKnownFileType = sourcecode.swift; path = History.swift; sourceTree = "<group>"; };
		50131BD32610B4A4008CDE6A /* AddViewModel.swift */ = {isa = PBXFileReference; lastKnownFileType = sourcecode.swift; path = AddViewModel.swift; sourceTree = "<group>"; };
		50131BD62611FAA5008CDE6A /* Detail.swift */ = {isa = PBXFileReference; lastKnownFileType = sourcecode.swift; path = Detail.swift; sourceTree = "<group>"; };
		50338A5C25CCF0CE0071816F /* DataManager.swift */ = {isa = PBXFileReference; lastKnownFileType = sourcecode.swift; path = DataManager.swift; sourceTree = "<group>"; };
		504667DC25FB3336003FF545 /* GoogleService-Info.plist */ = {isa = PBXFileReference; fileEncoding = 4; lastKnownFileType = text.plist.xml; name = "GoogleService-Info.plist"; path = "../../../../../Downloads/GoogleService-Info.plist"; sourceTree = "<group>"; };
		50694BD025DB5B2E00AC2C1D /* SceneDelegate.swift */ = {isa = PBXFileReference; lastKnownFileType = sourcecode.swift; path = SceneDelegate.swift; sourceTree = "<group>"; };
		507EA1EB25D216F9008AA63B /* DetailViewController.swift */ = {isa = PBXFileReference; lastKnownFileType = sourcecode.swift; path = DetailViewController.swift; sourceTree = "<group>"; };
		5084052F26180C99006A5492 /* MainTableViewCell.swift */ = {isa = PBXFileReference; lastKnownFileType = sourcecode.swift; path = MainTableViewCell.swift; sourceTree = "<group>"; };
		5084053326180E9E006A5492 /* MainPinnedCell.swift */ = {isa = PBXFileReference; lastKnownFileType = sourcecode.swift; path = MainPinnedCell.swift; sourceTree = "<group>"; };
		5084053626180F0F006A5492 /* Main + Extension.swift */ = {isa = PBXFileReference; lastKnownFileType = sourcecode.swift; path = "Main + Extension.swift"; sourceTree = "<group>"; };
		508405392618113F006A5492 /* History + Extension.swift */ = {isa = PBXFileReference; lastKnownFileType = sourcecode.swift; path = "History + Extension.swift"; sourceTree = "<group>"; };
		5084053C2618133E006A5492 /* CompletedCell.swift */ = {isa = PBXFileReference; lastKnownFileType = sourcecode.swift; path = CompletedCell.swift; sourceTree = "<group>"; };
		50840540261813D6006A5492 /* Detail + Extension.swift */ = {isa = PBXFileReference; lastKnownFileType = sourcecode.swift; path = "Detail + Extension.swift"; sourceTree = "<group>"; };
		508405442618159D006A5492 /* TaskListCell.swift */ = {isa = PBXFileReference; lastKnownFileType = sourcecode.swift; path = TaskListCell.swift; sourceTree = "<group>"; };
		50B3014B25CBC03E0010D297 /* QuestWithCoreData.app */ = {isa = PBXFileReference; explicitFileType = wrapper.application; includeInIndex = 0; path = QuestWithCoreData.app; sourceTree = BUILT_PRODUCTS_DIR; };
		50B3014E25CBC03E0010D297 /* AppDelegate.swift */ = {isa = PBXFileReference; lastKnownFileType = sourcecode.swift; path = AppDelegate.swift; sourceTree = "<group>"; };
		50B3015225CBC03E0010D297 /* MainViewController.swift */ = {isa = PBXFileReference; lastKnownFileType = sourcecode.swift; path = MainViewController.swift; sourceTree = "<group>"; };
		50B3015525CBC03E0010D297 /* Base */ = {isa = PBXFileReference; lastKnownFileType = file.storyboard; name = Base; path = Base.lproj/Main.storyboard; sourceTree = "<group>"; };
		50B3015725CBC0410010D297 /* Assets.xcassets */ = {isa = PBXFileReference; lastKnownFileType = folder.assetcatalog; path = Assets.xcassets; sourceTree = "<group>"; };
		50B3015A25CBC0410010D297 /* Base */ = {isa = PBXFileReference; lastKnownFileType = file.storyboard; name = Base; path = Base.lproj/LaunchScreen.storyboard; sourceTree = "<group>"; };
		50B3015C25CBC0410010D297 /* Info.plist */ = {isa = PBXFileReference; lastKnownFileType = text.plist.xml; path = Info.plist; sourceTree = "<group>"; };
		50B3016425CBC0530010D297 /* QuestModel.xcdatamodel */ = {isa = PBXFileReference; lastKnownFileType = wrapper.xcdatamodel; path = QuestModel.xcdatamodel; sourceTree = "<group>"; };
		50B3016D25CBD08C0010D297 /* AddQuestViewController.swift */ = {isa = PBXFileReference; lastKnownFileType = sourcecode.swift; path = AddQuestViewController.swift; sourceTree = "<group>"; };
		50CF762625DFA4DF00E8C910 /* HistoryViewController.swift */ = {isa = PBXFileReference; lastKnownFileType = sourcecode.swift; path = HistoryViewController.swift; sourceTree = "<group>"; };
		50CF764B25E0FEF700E8C910 /* MemoViewController.swift */ = {isa = PBXFileReference; lastKnownFileType = sourcecode.swift; path = MemoViewController.swift; sourceTree = "<group>"; };
		50E24CEE25EB48D1007AD67B /* Quest + delegate.swift */ = {isa = PBXFileReference; lastKnownFileType = sourcecode.swift; path = "Quest + delegate.swift"; sourceTree = "<group>"; };
		6D5B3BF2CE465863EFE6AE11 /* Pods-QuestWithCoreData.release.xcconfig */ = {isa = PBXFileReference; includeInIndex = 1; lastKnownFileType = text.xcconfig; name = "Pods-QuestWithCoreData.release.xcconfig"; path = "Target Support Files/Pods-QuestWithCoreData/Pods-QuestWithCoreData.release.xcconfig"; sourceTree = "<group>"; };
		9496DD0D464BE2EC831BD720 /* Pods_QuestWithCoreData.framework */ = {isa = PBXFileReference; explicitFileType = wrapper.framework; includeInIndex = 0; path = Pods_QuestWithCoreData.framework; sourceTree = BUILT_PRODUCTS_DIR; };
/* End PBXFileReference section */

/* Begin PBXFrameworksBuildPhase section */
		50B3014825CBC03E0010D297 /* Frameworks */ = {
			isa = PBXFrameworksBuildPhase;
			buildActionMask = 2147483647;
			files = (
				458D9C80EA26C29B5F4ED8AC /* Pods_QuestWithCoreData.framework in Frameworks */,
			);
			runOnlyForDeploymentPostprocessing = 0;
		};
/* End PBXFrameworksBuildPhase section */

/* Begin PBXGroup section */
		427B7BC0B5DB5DAD682D7D1C /* Frameworks */ = {
			isa = PBXGroup;
			children = (
				9496DD0D464BE2EC831BD720 /* Pods_QuestWithCoreData.framework */,
			);
			name = Frameworks;
			sourceTree = "<group>";
		};
		50131BC62610B35E008CDE6A /* Main */ = {
			isa = PBXGroup;
			children = (
				50131BCC2610B443008CDE6A /* Main.swift */,
				50B3015225CBC03E0010D297 /* MainViewController.swift */,
				5084052F26180C99006A5492 /* MainTableViewCell.swift */,
				5084053326180E9E006A5492 /* MainPinnedCell.swift */,
				5084053626180F0F006A5492 /* Main + Extension.swift */,
			);
			path = Main;
			sourceTree = "<group>";
		};
		50131BC92610B380008CDE6A /* History */ = {
			isa = PBXGroup;
			children = (
				50131BD02610B483008CDE6A /* History.swift */,
				50CF762625DFA4DF00E8C910 /* HistoryViewController.swift */,
				5084053C2618133E006A5492 /* CompletedCell.swift */,
				508405392618113F006A5492 /* History + Extension.swift */,
			);
			path = History;
			sourceTree = "<group>";
		};
		50131BCA2610B39E008CDE6A /* Detail */ = {
			isa = PBXGroup;
			children = (
				50131BD62611FAA5008CDE6A /* Detail.swift */,
				507EA1EB25D216F9008AA63B /* DetailViewController.swift */,
				50840540261813D6006A5492 /* Detail + Extension.swift */,
				508405442618159D006A5492 /* TaskListCell.swift */,
				50CF764B25E0FEF700E8C910 /* MemoViewController.swift */,
			);
			path = Detail;
			sourceTree = "<group>";
		};
		50131BCB2610B3C5008CDE6A /* Add */ = {
			isa = PBXGroup;
			children = (
				50B3016D25CBD08C0010D297 /* AddQuestViewController.swift */,
				50131BD32610B4A4008CDE6A /* AddViewModel.swift */,
				50092FA0261972C600AEF26F /* AddPage + Extension.swift */,
			);
			path = Add;
			sourceTree = "<group>";
		};
		50B3014225CBC03E0010D297 = {
			isa = PBXGroup;
			children = (
				50B3014D25CBC03E0010D297 /* QuestWithCoreData */,
				50B3014C25CBC03E0010D297 /* Products */,
				5922614DD47D5945DAB4B860 /* Pods */,
				427B7BC0B5DB5DAD682D7D1C /* Frameworks */,
			);
			sourceTree = "<group>";
		};
		50B3014C25CBC03E0010D297 /* Products */ = {
			isa = PBXGroup;
			children = (
				50B3014B25CBC03E0010D297 /* QuestWithCoreData.app */,
			);
			name = Products;
			sourceTree = "<group>";
		};
		50B3014D25CBC03E0010D297 /* QuestWithCoreData */ = {
			isa = PBXGroup;
			children = (
				50B3014E25CBC03E0010D297 /* AppDelegate.swift */,
				50694BD025DB5B2E00AC2C1D /* SceneDelegate.swift */,
				50B3015425CBC03E0010D297 /* Main.storyboard */,
				50131BC62610B35E008CDE6A /* Main */,
				50131BC92610B380008CDE6A /* History */,
				50131BCA2610B39E008CDE6A /* Detail */,
				50131BCB2610B3C5008CDE6A /* Add */,
				50338A5C25CCF0CE0071816F /* DataManager.swift */,
				50E24CEE25EB48D1007AD67B /* Quest + delegate.swift */,
				50B3016325CBC0530010D297 /* QuestModel.xcdatamodeld */,
				504667DC25FB3336003FF545 /* GoogleService-Info.plist */,
				50B3015725CBC0410010D297 /* Assets.xcassets */,
				50B3015925CBC0410010D297 /* LaunchScreen.storyboard */,
				50B3015C25CBC0410010D297 /* Info.plist */,
			);
			path = QuestWithCoreData;
			sourceTree = "<group>";
		};
		5922614DD47D5945DAB4B860 /* Pods */ = {
			isa = PBXGroup;
			children = (
				036C95BB718D3A2CE863D3B0 /* Pods-QuestWithCoreData.debug.xcconfig */,
				6D5B3BF2CE465863EFE6AE11 /* Pods-QuestWithCoreData.release.xcconfig */,
			);
			path = Pods;
			sourceTree = "<group>";
		};
/* End PBXGroup section */

/* Begin PBXNativeTarget section */
		50B3014A25CBC03E0010D297 /* QuestWithCoreData */ = {
			isa = PBXNativeTarget;
			buildConfigurationList = 50B3015F25CBC0410010D297 /* Build configuration list for PBXNativeTarget "QuestWithCoreData" */;
			buildPhases = (
				1691E08785F05CC7ACC284D9 /* [CP] Check Pods Manifest.lock */,
				50B3014725CBC03E0010D297 /* Sources */,
				50B3014825CBC03E0010D297 /* Frameworks */,
				50B3014925CBC03E0010D297 /* Resources */,
				AC27738F311013B47D077F5E /* [CP] Embed Pods Frameworks */,
			);
			buildRules = (
			);
			dependencies = (
			);
			name = QuestWithCoreData;
			productName = QuestWithCoreData;
			productReference = 50B3014B25CBC03E0010D297 /* QuestWithCoreData.app */;
			productType = "com.apple.product-type.application";
		};
/* End PBXNativeTarget section */

/* Begin PBXProject section */
		50B3014325CBC03E0010D297 /* Project object */ = {
			isa = PBXProject;
			attributes = {
				LastSwiftUpdateCheck = 1230;
				LastUpgradeCheck = 1240;
				TargetAttributes = {
					50B3014A25CBC03E0010D297 = {
						CreatedOnToolsVersion = 12.3;
					};
				};
			};
			buildConfigurationList = 50B3014625CBC03E0010D297 /* Build configuration list for PBXProject "QuestWithCoreData" */;
			compatibilityVersion = "Xcode 9.3";
			developmentRegion = en;
			hasScannedForEncodings = 0;
			knownRegions = (
				en,
				Base,
			);
			mainGroup = 50B3014225CBC03E0010D297;
			productRefGroup = 50B3014C25CBC03E0010D297 /* Products */;
			projectDirPath = "";
			projectRoot = "";
			targets = (
				50B3014A25CBC03E0010D297 /* QuestWithCoreData */,
			);
		};
/* End PBXProject section */

/* Begin PBXResourcesBuildPhase section */
		50B3014925CBC03E0010D297 /* Resources */ = {
			isa = PBXResourcesBuildPhase;
			buildActionMask = 2147483647;
			files = (
				50B3015B25CBC0410010D297 /* LaunchScreen.storyboard in Resources */,
				504667DD25FB3336003FF545 /* GoogleService-Info.plist in Resources */,
				50B3015825CBC0410010D297 /* Assets.xcassets in Resources */,
				50B3015625CBC03E0010D297 /* Main.storyboard in Resources */,
			);
			runOnlyForDeploymentPostprocessing = 0;
		};
/* End PBXResourcesBuildPhase section */

/* Begin PBXShellScriptBuildPhase section */
		1691E08785F05CC7ACC284D9 /* [CP] Check Pods Manifest.lock */ = {
			isa = PBXShellScriptBuildPhase;
			buildActionMask = 2147483647;
			files = (
			);
			inputFileListPaths = (
			);
			inputPaths = (
				"${PODS_PODFILE_DIR_PATH}/Podfile.lock",
				"${PODS_ROOT}/Manifest.lock",
			);
			name = "[CP] Check Pods Manifest.lock";
			outputFileListPaths = (
			);
			outputPaths = (
				"$(DERIVED_FILE_DIR)/Pods-QuestWithCoreData-checkManifestLockResult.txt",
			);
			runOnlyForDeploymentPostprocessing = 0;
			shellPath = /bin/sh;
			shellScript = "diff \"${PODS_PODFILE_DIR_PATH}/Podfile.lock\" \"${PODS_ROOT}/Manifest.lock\" > /dev/null\nif [ $? != 0 ] ; then\n    # print error to STDERR\n    echo \"error: The sandbox is not in sync with the Podfile.lock. Run 'pod install' or update your CocoaPods installation.\" >&2\n    exit 1\nfi\n# This output is used by Xcode 'outputs' to avoid re-running this script phase.\necho \"SUCCESS\" > \"${SCRIPT_OUTPUT_FILE_0}\"\n";
			showEnvVarsInLog = 0;
		};
		AC27738F311013B47D077F5E /* [CP] Embed Pods Frameworks */ = {
			isa = PBXShellScriptBuildPhase;
			buildActionMask = 2147483647;
			files = (
			);
			inputFileListPaths = (
				"${PODS_ROOT}/Target Support Files/Pods-QuestWithCoreData/Pods-QuestWithCoreData-frameworks-${CONFIGURATION}-input-files.xcfilelist",
			);
			name = "[CP] Embed Pods Frameworks";
			outputFileListPaths = (
				"${PODS_ROOT}/Target Support Files/Pods-QuestWithCoreData/Pods-QuestWithCoreData-frameworks-${CONFIGURATION}-output-files.xcfilelist",
			);
			runOnlyForDeploymentPostprocessing = 0;
			shellPath = /bin/sh;
			shellScript = "\"${PODS_ROOT}/Target Support Files/Pods-QuestWithCoreData/Pods-QuestWithCoreData-frameworks.sh\"\n";
			showEnvVarsInLog = 0;
		};
/* End PBXShellScriptBuildPhase section */

/* Begin PBXSourcesBuildPhase section */
		50B3014725CBC03E0010D297 /* Sources */ = {
			isa = PBXSourcesBuildPhase;
			buildActionMask = 2147483647;
			files = (
				50CF764C25E0FEF700E8C910 /* MemoViewController.swift in Sources */,
				50B3016E25CBD08C0010D297 /* AddQuestViewController.swift in Sources */,
				5084053426180E9E006A5492 /* MainPinnedCell.swift in Sources */,
				50694BD125DB5B2E00AC2C1D /* SceneDelegate.swift in Sources */,
				5084053D2618133E006A5492 /* CompletedCell.swift in Sources */,
				50338A5D25CCF0CE0071816F /* DataManager.swift in Sources */,
				5084053026180C99006A5492 /* MainTableViewCell.swift in Sources */,
				508405452618159D006A5492 /* TaskListCell.swift in Sources */,
				50B3015325CBC03E0010D297 /* MainViewController.swift in Sources */,
				507EA1EC25D216F9008AA63B /* DetailViewController.swift in Sources */,
				50B3014F25CBC03E0010D297 /* AppDelegate.swift in Sources */,
				50131BD12610B483008CDE6A /* History.swift in Sources */,
				5084053A2618113F006A5492 /* History + Extension.swift in Sources */,
				50131BD72611FAA5008CDE6A /* Detail.swift in Sources */,
				50B3016525CBC0530010D297 /* QuestModel.xcdatamodeld in Sources */,
				50131BD42610B4A4008CDE6A /* AddViewModel.swift in Sources */,
				50CF762725DFA4DF00E8C910 /* HistoryViewController.swift in Sources */,
				50E24CEF25EB48D1007AD67B /* Quest + delegate.swift in Sources */,
				5084053726180F0F006A5492 /* Main + Extension.swift in Sources */,
				50840541261813D6006A5492 /* Detail + Extension.swift in Sources */,
				50092FA1261972C600AEF26F /* AddPage + Extension.swift in Sources */,
				50131BCD2610B443008CDE6A /* Main.swift in Sources */,
			);
			runOnlyForDeploymentPostprocessing = 0;
		};
/* End PBXSourcesBuildPhase section */

/* Begin PBXVariantGroup section */
		50B3015425CBC03E0010D297 /* Main.storyboard */ = {
			isa = PBXVariantGroup;
			children = (
				50B3015525CBC03E0010D297 /* Base */,
			);
			name = Main.storyboard;
			sourceTree = "<group>";
		};
		50B3015925CBC0410010D297 /* LaunchScreen.storyboard */ = {
			isa = PBXVariantGroup;
			children = (
				50B3015A25CBC0410010D297 /* Base */,
			);
			name = LaunchScreen.storyboard;
			sourceTree = "<group>";
		};
/* End PBXVariantGroup section */

/* Begin XCBuildConfiguration section */
		50B3015D25CBC0410010D297 /* Debug */ = {
			isa = XCBuildConfiguration;
			buildSettings = {
				ALWAYS_SEARCH_USER_PATHS = NO;
				CLANG_ANALYZER_NONNULL = YES;
				CLANG_ANALYZER_NUMBER_OBJECT_CONVERSION = YES_AGGRESSIVE;
				CLANG_CXX_LANGUAGE_STANDARD = "gnu++14";
				CLANG_CXX_LIBRARY = "libc++";
				CLANG_ENABLE_MODULES = YES;
				CLANG_ENABLE_OBJC_ARC = YES;
				CLANG_ENABLE_OBJC_WEAK = YES;
				CLANG_WARN_BLOCK_CAPTURE_AUTORELEASING = YES;
				CLANG_WARN_BOOL_CONVERSION = YES;
				CLANG_WARN_COMMA = YES;
				CLANG_WARN_CONSTANT_CONVERSION = YES;
				CLANG_WARN_DEPRECATED_OBJC_IMPLEMENTATIONS = YES;
				CLANG_WARN_DIRECT_OBJC_ISA_USAGE = YES_ERROR;
				CLANG_WARN_DOCUMENTATION_COMMENTS = YES;
				CLANG_WARN_EMPTY_BODY = YES;
				CLANG_WARN_ENUM_CONVERSION = YES;
				CLANG_WARN_INFINITE_RECURSION = YES;
				CLANG_WARN_INT_CONVERSION = YES;
				CLANG_WARN_NON_LITERAL_NULL_CONVERSION = YES;
				CLANG_WARN_OBJC_IMPLICIT_RETAIN_SELF = YES;
				CLANG_WARN_OBJC_LITERAL_CONVERSION = YES;
				CLANG_WARN_OBJC_ROOT_CLASS = YES_ERROR;
				CLANG_WARN_QUOTED_INCLUDE_IN_FRAMEWORK_HEADER = YES;
				CLANG_WARN_RANGE_LOOP_ANALYSIS = YES;
				CLANG_WARN_STRICT_PROTOTYPES = YES;
				CLANG_WARN_SUSPICIOUS_MOVE = YES;
				CLANG_WARN_UNGUARDED_AVAILABILITY = YES_AGGRESSIVE;
				CLANG_WARN_UNREACHABLE_CODE = YES;
				CLANG_WARN__DUPLICATE_METHOD_MATCH = YES;
				COPY_PHASE_STRIP = NO;
				DEBUG_INFORMATION_FORMAT = dwarf;
				ENABLE_STRICT_OBJC_MSGSEND = YES;
				ENABLE_TESTABILITY = YES;
				GCC_C_LANGUAGE_STANDARD = gnu11;
				GCC_DYNAMIC_NO_PIC = NO;
				GCC_NO_COMMON_BLOCKS = YES;
				GCC_OPTIMIZATION_LEVEL = 0;
				GCC_PREPROCESSOR_DEFINITIONS = (
					"DEBUG=1",
					"$(inherited)",
				);
				GCC_WARN_64_TO_32_BIT_CONVERSION = YES;
				GCC_WARN_ABOUT_RETURN_TYPE = YES_ERROR;
				GCC_WARN_UNDECLARED_SELECTOR = YES;
				GCC_WARN_UNINITIALIZED_AUTOS = YES_AGGRESSIVE;
				GCC_WARN_UNUSED_FUNCTION = YES;
				GCC_WARN_UNUSED_VARIABLE = YES;
				IPHONEOS_DEPLOYMENT_TARGET = 11.0;
				MTL_ENABLE_DEBUG_INFO = INCLUDE_SOURCE;
				MTL_FAST_MATH = YES;
				ONLY_ACTIVE_ARCH = YES;
				SDKROOT = iphoneos;
				SWIFT_ACTIVE_COMPILATION_CONDITIONS = DEBUG;
				SWIFT_OPTIMIZATION_LEVEL = "-Onone";
			};
			name = Debug;
		};
		50B3015E25CBC0410010D297 /* Release */ = {
			isa = XCBuildConfiguration;
			buildSettings = {
				ALWAYS_SEARCH_USER_PATHS = NO;
				CLANG_ANALYZER_NONNULL = YES;
				CLANG_ANALYZER_NUMBER_OBJECT_CONVERSION = YES_AGGRESSIVE;
				CLANG_CXX_LANGUAGE_STANDARD = "gnu++14";
				CLANG_CXX_LIBRARY = "libc++";
				CLANG_ENABLE_MODULES = YES;
				CLANG_ENABLE_OBJC_ARC = YES;
				CLANG_ENABLE_OBJC_WEAK = YES;
				CLANG_WARN_BLOCK_CAPTURE_AUTORELEASING = YES;
				CLANG_WARN_BOOL_CONVERSION = YES;
				CLANG_WARN_COMMA = YES;
				CLANG_WARN_CONSTANT_CONVERSION = YES;
				CLANG_WARN_DEPRECATED_OBJC_IMPLEMENTATIONS = YES;
				CLANG_WARN_DIRECT_OBJC_ISA_USAGE = YES_ERROR;
				CLANG_WARN_DOCUMENTATION_COMMENTS = YES;
				CLANG_WARN_EMPTY_BODY = YES;
				CLANG_WARN_ENUM_CONVERSION = YES;
				CLANG_WARN_INFINITE_RECURSION = YES;
				CLANG_WARN_INT_CONVERSION = YES;
				CLANG_WARN_NON_LITERAL_NULL_CONVERSION = YES;
				CLANG_WARN_OBJC_IMPLICIT_RETAIN_SELF = YES;
				CLANG_WARN_OBJC_LITERAL_CONVERSION = YES;
				CLANG_WARN_OBJC_ROOT_CLASS = YES_ERROR;
				CLANG_WARN_QUOTED_INCLUDE_IN_FRAMEWORK_HEADER = YES;
				CLANG_WARN_RANGE_LOOP_ANALYSIS = YES;
				CLANG_WARN_STRICT_PROTOTYPES = YES;
				CLANG_WARN_SUSPICIOUS_MOVE = YES;
				CLANG_WARN_UNGUARDED_AVAILABILITY = YES_AGGRESSIVE;
				CLANG_WARN_UNREACHABLE_CODE = YES;
				CLANG_WARN__DUPLICATE_METHOD_MATCH = YES;
				COPY_PHASE_STRIP = NO;
				DEBUG_INFORMATION_FORMAT = "dwarf-with-dsym";
				ENABLE_NS_ASSERTIONS = NO;
				ENABLE_STRICT_OBJC_MSGSEND = YES;
				GCC_C_LANGUAGE_STANDARD = gnu11;
				GCC_NO_COMMON_BLOCKS = YES;
				GCC_WARN_64_TO_32_BIT_CONVERSION = YES;
				GCC_WARN_ABOUT_RETURN_TYPE = YES_ERROR;
				GCC_WARN_UNDECLARED_SELECTOR = YES;
				GCC_WARN_UNINITIALIZED_AUTOS = YES_AGGRESSIVE;
				GCC_WARN_UNUSED_FUNCTION = YES;
				GCC_WARN_UNUSED_VARIABLE = YES;
				IPHONEOS_DEPLOYMENT_TARGET = 11.0;
				MTL_ENABLE_DEBUG_INFO = NO;
				MTL_FAST_MATH = YES;
				SDKROOT = iphoneos;
				SWIFT_COMPILATION_MODE = wholemodule;
				SWIFT_OPTIMIZATION_LEVEL = "-O";
				VALIDATE_PRODUCT = YES;
			};
			name = Release;
		};
		50B3016025CBC0410010D297 /* Debug */ = {
			isa = XCBuildConfiguration;
			baseConfigurationReference = 036C95BB718D3A2CE863D3B0 /* Pods-QuestWithCoreData.debug.xcconfig */;
			buildSettings = {
				ASSETCATALOG_COMPILER_APPICON_NAME = AppIcon;
				ASSETCATALOG_COMPILER_GLOBAL_ACCENT_COLOR_NAME = AccentColor;
				CODE_SIGN_STYLE = Automatic;
				DEVELOPMENT_TEAM = 3XVAQ6DRC4;
				INFOPLIST_FILE = QuestWithCoreData/Info.plist;
				IPHONEOS_DEPLOYMENT_TARGET = 12.0;
				LD_RUNPATH_SEARCH_PATHS = (
					"$(inherited)",
					"@executable_path/Frameworks",
				);
				PRODUCT_BUNDLE_IDENTIFIER = com.ido.QuestWithCoreData;
				PRODUCT_NAME = "$(TARGET_NAME)";
				SWIFT_VERSION = 5.0;
				TARGETED_DEVICE_FAMILY = "1,2";
			};
			name = Debug;
		};
		50B3016125CBC0410010D297 /* Release */ = {
			isa = XCBuildConfiguration;
			baseConfigurationReference = 6D5B3BF2CE465863EFE6AE11 /* Pods-QuestWithCoreData.release.xcconfig */;
			buildSettings = {
				ASSETCATALOG_COMPILER_APPICON_NAME = AppIcon;
				ASSETCATALOG_COMPILER_GLOBAL_ACCENT_COLOR_NAME = AccentColor;
				CODE_SIGN_STYLE = Automatic;
				DEVELOPMENT_TEAM = 3XVAQ6DRC4;
				INFOPLIST_FILE = QuestWithCoreData/Info.plist;
				IPHONEOS_DEPLOYMENT_TARGET = 12.0;
				LD_RUNPATH_SEARCH_PATHS = (
					"$(inherited)",
					"@executable_path/Frameworks",
				);
				PRODUCT_BUNDLE_IDENTIFIER = com.ido.QuestWithCoreData;
				PRODUCT_NAME = "$(TARGET_NAME)";
				SWIFT_VERSION = 5.0;
				TARGETED_DEVICE_FAMILY = "1,2";
			};
			name = Release;
		};
/* End XCBuildConfiguration section */

/* Begin XCConfigurationList section */
		50B3014625CBC03E0010D297 /* Build configuration list for PBXProject "QuestWithCoreData" */ = {
			isa = XCConfigurationList;
			buildConfigurations = (
				50B3015D25CBC0410010D297 /* Debug */,
				50B3015E25CBC0410010D297 /* Release */,
			);
			defaultConfigurationIsVisible = 0;
			defaultConfigurationName = Release;
		};
		50B3015F25CBC0410010D297 /* Build configuration list for PBXNativeTarget "QuestWithCoreData" */ = {
			isa = XCConfigurationList;
			buildConfigurations = (
				50B3016025CBC0410010D297 /* Debug */,
				50B3016125CBC0410010D297 /* Release */,
			);
			defaultConfigurationIsVisible = 0;
			defaultConfigurationName = Release;
		};
/* End XCConfigurationList section */

/* Begin XCVersionGroup section */
		50B3016325CBC0530010D297 /* QuestModel.xcdatamodeld */ = {
			isa = XCVersionGroup;
			children = (
				50B3016425CBC0530010D297 /* QuestModel.xcdatamodel */,
			);
			currentVersion = 50B3016425CBC0530010D297 /* QuestModel.xcdatamodel */;
			path = QuestModel.xcdatamodeld;
			sourceTree = "<group>";
			versionGroupType = wrapper.xcdatamodel;
		};
/* End XCVersionGroup section */
	};
	rootObject = 50B3014325CBC03E0010D297 /* Project object */;
}
